{
  "name": "akuse-beta",
  "version": "1.10.1",
  "lockfileVersion": 2,
  "requires": true,
  "packages": {
    "": {
      "name": "akuse-beta",
      "version": "1.10.1",
      "hasInstallScript": true,
      "license": "GPL-3.0-or-later",
      "dependencies": {
        "@xhayper/discord-rpc": "^1.2.0"
      }
    },
    "node_modules/@discordjs/collection": {
      "version": "2.1.1",
      "resolved": "https://registry.npmjs.org/@discordjs/collection/-/collection-2.1.1.tgz",
      "integrity": "sha512-LiSusze9Tc7qF03sLCujF5iZp7K+vRNEDBZ86FT9aQAv3vxMLihUvKvpsCWiQ2DJq1tVckopKm1rxomgNUc9hg==",
      "engines": {
        "node": ">=18"
      },
      "funding": {
        "url": "https://github.com/discordjs/discord.js?sponsor"
      }
    },
    "node_modules/@discordjs/rest": {
      "version": "2.4.0",
      "resolved": "https://registry.npmjs.org/@discordjs/rest/-/rest-2.4.0.tgz",
      "integrity": "sha512-Xb2irDqNcq+O8F0/k/NaDp7+t091p+acb51iA4bCKfIn+WFWd6HrNvcsSbMMxIR9NjcMZS6NReTKygqiQN+ntw==",
      "dependencies": {
        "@discordjs/collection": "^2.1.1",
        "@discordjs/util": "^1.1.1",
        "@sapphire/async-queue": "^1.5.3",
        "@sapphire/snowflake": "^3.5.3",
        "@vladfrangu/async_event_emitter": "^2.4.6",
        "discord-api-types": "0.37.97",
        "magic-bytes.js": "^1.10.0",
        "tslib": "^2.6.3",
        "undici": "6.19.8"
      },
      "engines": {
        "node": ">=18"
      },
      "funding": {
        "url": "https://github.com/discordjs/discord.js?sponsor"
      }
    },
    "node_modules/@discordjs/rest/node_modules/discord-api-types": {
      "version": "0.37.97",
      "resolved": "https://registry.npmjs.org/discord-api-types/-/discord-api-types-0.37.97.tgz",
      "integrity": "sha512-No1BXPcVkyVD4ZVmbNgDKaBoqgeQ+FJpzZ8wqHkfmBnTZig1FcH3iPPersiK1TUIAzgClh2IvOuVUYfcWLQAOA=="
    },
    "node_modules/@discordjs/util": {
      "version": "1.1.1",
      "resolved": "https://registry.npmjs.org/@discordjs/util/-/util-1.1.1.tgz",
      "integrity": "sha512-eddz6UnOBEB1oITPinyrB2Pttej49M9FZQY8NxgEvc3tq6ZICZ19m70RsmzRdDHk80O9NoYN/25AqJl8vPVf/g==",
      "engines": {
        "node": ">=18"
      },
      "funding": {
        "url": "https://github.com/discordjs/discord.js?sponsor"
      }
    },
    "node_modules/@sapphire/async-queue": {
      "version": "1.5.5",
      "resolved": "https://registry.npmjs.org/@sapphire/async-queue/-/async-queue-1.5.5.tgz",
      "integrity": "sha512-cvGzxbba6sav2zZkH8GPf2oGk9yYoD5qrNWdu9fRehifgnFZJMV+nuy2nON2roRO4yQQ+v7MK/Pktl/HgfsUXg==",
      "engines": {
        "node": ">=v14.0.0",
        "npm": ">=7.0.0"
      }
    },
    "node_modules/@sapphire/snowflake": {
      "version": "3.5.5",
      "resolved": "https://registry.npmjs.org/@sapphire/snowflake/-/snowflake-3.5.5.tgz",
      "integrity": "sha512-xzvBr1Q1c4lCe7i6sRnrofxeO1QTP/LKQ6A6qy0iB4x5yfiSfARMEQEghojzTNALDTcv8En04qYNIco9/K9eZQ==",
      "engines": {
        "node": ">=v14.0.0",
        "npm": ">=7.0.0"
      }
    },
    "node_modules/@vladfrangu/async_event_emitter": {
      "version": "2.4.6",
      "resolved": "https://registry.npmjs.org/@vladfrangu/async_event_emitter/-/async_event_emitter-2.4.6.tgz",
      "integrity": "sha512-RaI5qZo6D2CVS6sTHFKg1v5Ohq/+Bo2LZ5gzUEwZ/WkHhwtGTCB/sVLw8ijOkAUxasZ+WshN/Rzj4ywsABJ5ZA==",
      "engines": {
        "node": ">=v14.0.0",
        "npm": ">=7.0.0"
      }
    },
    "node_modules/@xhayper/discord-rpc": {
      "version": "1.2.0",
      "resolved": "https://registry.npmjs.org/@xhayper/discord-rpc/-/discord-rpc-1.2.0.tgz",
      "integrity": "sha512-cKjs9TKzN/7JoozijjszQjUEK1qnLHpEvcJQ2OGFBZjymUzIOH7l14KUu7TQtaIEk0Aw9Bx2w7TfQ0O6tp5mCw==",
      "dependencies": {
        "@discordjs/rest": "^2.3.0",
        "@vladfrangu/async_event_emitter": "^2.4.4",
        "discord-api-types": "^0.37.93",
        "ws": "^8.18.0"
      },
      "engines": {
        "node": ">=16.11.0"
      }
    },
    "node_modules/@xhayper/discord-rpc/node_modules/ws": {
      "version": "8.18.0",
      "resolved": "https://registry.npmjs.org/ws/-/ws-8.18.0.tgz",
      "integrity": "sha512-8VbfWfHLbbwu3+N6OKsOMpBdT4kXPDDB9cJk2bJ6mh9ucxdlnNvH1e+roYkKmN9Nxw2yjz7VzeO9oOz2zJ04Pw==",
      "engines": {
        "node": ">=10.0.0"
      },
      "peerDependencies": {
        "bufferutil": "^4.0.1",
        "utf-8-validate": ">=5.0.2"
      },
      "peerDependenciesMeta": {
        "bufferutil": {
          "optional": true
        },
        "utf-8-validate": {
          "optional": true
        }
      }
    },
    "node_modules/discord-api-types": {
      "version": "0.37.105",
      "resolved": "https://registry.npmjs.org/discord-api-types/-/discord-api-types-0.37.105.tgz",
      "integrity": "sha512-TSNlLF5Q9vFLMeHjYskhmDj/zCQ4dFA+OLxQrHUypGW48gt8ttGaB+opCD9w3Zkq1otyoBoetrwaoDFZAFuGng=="
    },
    "node_modules/magic-bytes.js": {
      "version": "1.10.0",
      "resolved": "https://registry.npmjs.org/magic-bytes.js/-/magic-bytes.js-1.10.0.tgz",
      "integrity": "sha512-/k20Lg2q8LE5xiaaSkMXk4sfvI+9EGEykFS4b0CHHGWqDYU0bGUFSwchNOMA56D7TCs9GwVTkqe9als1/ns8UQ=="
    },
    "node_modules/tslib": {
      "version": "2.8.1",
      "resolved": "https://registry.npmjs.org/tslib/-/tslib-2.8.1.tgz",
      "integrity": "sha512-oJFu94HQb+KVduSUQL7wnpmqnfmLsOA/nAh6b6EH0wCEoK0/mPeXU6c3wKDV83MkOuHPRHtSXKKU99IBazS/2w=="
    },
    "node_modules/undici": {
      "version": "6.19.8",
      "resolved": "https://registry.npmjs.org/undici/-/undici-6.19.8.tgz",
      "integrity": "sha512-U8uCCl2x9TK3WANvmBavymRzxbfFYG+tAu+fgx3zxQy3qdagQqBLwJVrdyO1TBfUXvfKveMKJZhpvUYoOjM+4g==",
      "engines": {
        "node": ">=18.17"
      }
    }
  },
  "dependencies": {
    "@discordjs/collection": {
      "version": "2.1.1",
      "resolved": "https://registry.npmjs.org/@discordjs/collection/-/collection-2.1.1.tgz",
      "integrity": "sha512-LiSusze9Tc7qF03sLCujF5iZp7K+vRNEDBZ86FT9aQAv3vxMLihUvKvpsCWiQ2DJq1tVckopKm1rxomgNUc9hg=="
    },
    "@discordjs/rest": {
      "version": "2.4.0",
      "resolved": "https://registry.npmjs.org/@discordjs/rest/-/rest-2.4.0.tgz",
      "integrity": "sha512-Xb2irDqNcq+O8F0/k/NaDp7+t091p+acb51iA4bCKfIn+WFWd6HrNvcsSbMMxIR9NjcMZS6NReTKygqiQN+ntw==",
      "requires": {
        "@discordjs/collection": "^2.1.1",
        "@discordjs/util": "^1.1.1",
        "@sapphire/async-queue": "^1.5.3",
        "@sapphire/snowflake": "^3.5.3",
        "@vladfrangu/async_event_emitter": "^2.4.6",
        "discord-api-types": "0.37.97",
        "magic-bytes.js": "^1.10.0",
        "tslib": "^2.6.3",
        "undici": "6.19.8"
      },
      "dependencies": {
        "discord-api-types": {
          "version": "0.37.97",
          "resolved": "https://registry.npmjs.org/discord-api-types/-/discord-api-types-0.37.97.tgz",
          "integrity": "sha512-No1BXPcVkyVD4ZVmbNgDKaBoqgeQ+FJpzZ8wqHkfmBnTZig1FcH3iPPersiK1TUIAzgClh2IvOuVUYfcWLQAOA=="
        }
      }
    },
    "@discordjs/util": {
      "version": "1.1.1",
      "resolved": "https://registry.npmjs.org/@discordjs/util/-/util-1.1.1.tgz",
      "integrity": "sha512-eddz6UnOBEB1oITPinyrB2Pttej49M9FZQY8NxgEvc3tq6ZICZ19m70RsmzRdDHk80O9NoYN/25AqJl8vPVf/g=="
    },
    "@sapphire/async-queue": {
      "version": "1.5.5",
      "resolved": "https://registry.npmjs.org/@sapphire/async-queue/-/async-queue-1.5.5.tgz",
      "integrity": "sha512-cvGzxbba6sav2zZkH8GPf2oGk9yYoD5qrNWdu9fRehifgnFZJMV+nuy2nON2roRO4yQQ+v7MK/Pktl/HgfsUXg=="
    },
    "@sapphire/snowflake": {
      "version": "3.5.5",
      "resolved": "https://registry.npmjs.org/@sapphire/snowflake/-/snowflake-3.5.5.tgz",
      "integrity": "sha512-xzvBr1Q1c4lCe7i6sRnrofxeO1QTP/LKQ6A6qy0iB4x5yfiSfARMEQEghojzTNALDTcv8En04qYNIco9/K9eZQ=="
    },
    "@vladfrangu/async_event_emitter": {
      "version": "2.4.6",
      "resolved": "https://registry.npmjs.org/@vladfrangu/async_event_emitter/-/async_event_emitter-2.4.6.tgz",
      "integrity": "sha512-RaI5qZo6D2CVS6sTHFKg1v5Ohq/+Bo2LZ5gzUEwZ/WkHhwtGTCB/sVLw8ijOkAUxasZ+WshN/Rzj4ywsABJ5ZA=="
    },
    "@xhayper/discord-rpc": {
      "version": "1.2.0",
      "resolved": "https://registry.npmjs.org/@xhayper/discord-rpc/-/discord-rpc-1.2.0.tgz",
      "integrity": "sha512-cKjs9TKzN/7JoozijjszQjUEK1qnLHpEvcJQ2OGFBZjymUzIOH7l14KUu7TQtaIEk0Aw9Bx2w7TfQ0O6tp5mCw==",
      "requires": {
        "@discordjs/rest": "^2.3.0",
        "@vladfrangu/async_event_emitter": "^2.4.4",
        "discord-api-types": "^0.37.93",
        "ws": "^8.18.0"
      },
      "dependencies": {
        "ws": {
          "version": "8.18.0",
          "resolved": "https://registry.npmjs.org/ws/-/ws-8.18.0.tgz",
          "integrity": "sha512-8VbfWfHLbbwu3+N6OKsOMpBdT4kXPDDB9cJk2bJ6mh9ucxdlnNvH1e+roYkKmN9Nxw2yjz7VzeO9oOz2zJ04Pw==",
          "requires": {}
        }
      }
    },
    "discord-api-types": {
      "version": "0.37.105",
      "resolved": "https://registry.npmjs.org/discord-api-types/-/discord-api-types-0.37.105.tgz",
      "integrity": "sha512-TSNlLF5Q9vFLMeHjYskhmDj/zCQ4dFA+OLxQrHUypGW48gt8ttGaB+opCD9w3Zkq1otyoBoetrwaoDFZAFuGng=="
    },
    "magic-bytes.js": {
      "version": "1.10.0",
      "resolved": "https://registry.npmjs.org/magic-bytes.js/-/magic-bytes.js-1.10.0.tgz",
      "integrity": "sha512-/k20Lg2q8LE5xiaaSkMXk4sfvI+9EGEykFS4b0CHHGWqDYU0bGUFSwchNOMA56D7TCs9GwVTkqe9als1/ns8UQ=="
    },
    "tslib": {
      "version": "2.8.1",
      "resolved": "https://registry.npmjs.org/tslib/-/tslib-2.8.1.tgz",
      "integrity": "sha512-oJFu94HQb+KVduSUQL7wnpmqnfmLsOA/nAh6b6EH0wCEoK0/mPeXU6c3wKDV83MkOuHPRHtSXKKU99IBazS/2w=="
    },
    "undici": {
      "version": "6.19.8",
      "resolved": "https://registry.npmjs.org/undici/-/undici-6.19.8.tgz",
      "integrity": "sha512-U8uCCl2x9TK3WANvmBavymRzxbfFYG+tAu+fgx3zxQy3qdagQqBLwJVrdyO1TBfUXvfKveMKJZhpvUYoOjM+4g=="
    }
  }
}
